Microsoft Visual Studio Solution File, Format Version 11.00
# Visual Studio 2008

Project("{836DD3DB-1079-C383-DCF6-5489B421B8AE}") = "ThirdPersonThing", "Assembly-CSharp-firstpass.csproj", "{0A61AE5F-1257-63F7-5200-2C17BE1587C2}"
EndProject
Project("{836DD3DB-1079-C383-DCF6-5489B421B8AE}") = "ThirdPersonThing", "Assembly-CSharp.csproj", "{E3F36279-03FE-F3FE-F636-F7664ECF2EF7}"
EndProject
Project("{836DD3DB-1079-C383-DCF6-5489B421B8AE}") = "ThirdPersonThing", "Assembly-UnityScript-firstpass.unityproj", "{ADB1174A-4ED8-E5F0-F709-5EFED2D427A7}"
EndProject
Project("{836DD3DB-1079-C383-DCF6-5489B421B8AE}") = "ThirdPersonThing", "Assembly-UnityScript.unityproj", "{B4FCBF50-288D-F8D4-49A3-8E472F0B0BC9}"
EndProject
Global
	GlobalSection(SolutionConfigurationPlatforms) = preSolution
		Debug|Any CPU = Debug|Any CPU
		Release|Any CPU = Release|Any CPU
	EndGlobalSection
	GlobalSection(ProjectConfigurationPlatforms) = postSolution
		{0A61AE5F-1257-63F7-5200-2C17BE1587C2}.Debug|Any CPU.ActiveCfg = Debug|Any CPU
		{0A61AE5F-1257-63F7-5200-2C17BE1587C2}.Debug|Any CPU.Build.0 = Debug|Any CPU
		{0A61AE5F-1257-63F7-5200-2C17BE1587C2}.Release|Any CPU.ActiveCfg = Release|Any CPU
		{0A61AE5F-1257-63F7-5200-2C17BE1587C2}.Release|Any CPU.Build.0 = Release|Any CPU
		{E3F36279-03FE-F3FE-F636-F7664ECF2EF7}.Debug|Any CPU.ActiveCfg = Debug|Any CPU
		{E3F36279-03FE-F3FE-F636-F7664ECF2EF7}.Debug|Any CPU.Build.0 = Debug|Any CPU
		{E3F36279-03FE-F3FE-F636-F7664ECF2EF7}.Release|Any CPU.ActiveCfg = Release|Any CPU
		{E3F36279-03FE-F3FE-F636-F7664ECF2EF7}.Release|Any CPU.Build.0 = Release|Any CPU
		{ADB1174A-4ED8-E5F0-F709-5EFED2D427A7}.Debug|Any CPU.ActiveCfg = Debug|Any CPU
		{ADB1174A-4ED8-E5F0-F709-5EFED2D427A7}.Debug|Any CPU.Build.0 = Debug|Any CPU
		{ADB1174A-4ED8-E5F0-F709-5EFED2D427A7}.Release|Any CPU.ActiveCfg = Release|Any CPU
		{ADB1174A-4ED8-E5F0-F709-5EFED2D427A7}.Release|Any CPU.Build.0 = Release|Any CPU
		{B4FCBF50-288D-F8D4-49A3-8E472F0B0BC9}.Debug|Any CPU.ActiveCfg = Debug|Any CPU
		{B4FCBF50-288D-F8D4-49A3-8E472F0B0BC9}.Debug|Any CPU.Build.0 = Debug|Any CPU
		{B4FCBF50-288D-F8D4-49A3-8E472F0B0BC9}.Release|Any CPU.ActiveCfg = Release|Any CPU
		{B4FCBF50-288D-F8D4-49A3-8E472F0B0BC9}.Release|Any CPU.Build.0 = Release|Any CPU
	EndGlobalSection
	GlobalSection(SolutionProperties) = preSolution
		HideSolutionNode = FALSE
	EndGlobalSection
																									GlobalSection(MonoDevelopProperties) = preSolution
		StartupItem = Assembly-CSharp.csproj
		Policies = $0
		$0.TextStylePolicy = $1
		$1.inheritsSet = null
		$1.scope = text/x-csharp
		$0.CSharpFormattingPolicy = $2
		$2.inheritsSet = Mono
		$2.inheritsScope = text/x-csharp
		$2.scope = text/x-csharp
		$0.TextStylePolicy = $3
		$3.FileWidth = 120
		$3.TabWidth = 4
		$3.EolMarker = Unix
		$3.inheritsSet = Mono
		$3.inheritsScope = text/plain
		$3.scope = text/plain
	EndGlobalSection

EndGlobal
